
Microsoft Visual Studio Solution File, Format Version 12.00
# Visual Studio 14
VisualStudioVersion = 14.0.25420.1
MinimumVisualStudioVersion = 10.0.40219.1
Project("{FAE04EC0-301F-11D3-BF4B-00C04F79EFBC}") = "SerialComms", "SerialComms\SerialComms.csproj", "{D9497E90-E15D-46EF-857E-A4AC0D1AEAE8}"
EndProject
Global
	GlobalSection(SolutionConfigurationPlatforms) = preSolution
		Debug|Any CPU = Debug|Any CPU
		Release|Any CPU = Release|Any CPU
	EndGlobalSection
	GlobalSection(ProjectConfigurationPlatforms) = postSolution
		{D9497E90-E15D-46EF-857E-A4AC0D1AEAE8}.Debug|Any CPU.ActiveCfg = Debug|Any CPU
		{D9497E90-E15D-46EF-857E-A4AC0D1AEAE8}.Debug|Any CPU.Build.0 = Debug|Any CPU
		{D9497E90-E15D-46EF-857E-A4AC0D1AEAE8}.Release|Any CPU.ActiveCfg = Release|Any CPU
		{D9497E90-E15D-46EF-857E-A4AC0D1AEAE8}.Release|Any CPU.Build.0 = Release|Any CPU
	EndGlobalSection
	GlobalSection(SolutionProperties) = preSolution
		HideSolutionNode = FALSE
	EndGlobalSection
EndGlobal
